// !$*UTF8*$!
{
	archiveVersion = 1;
	classes = {
	};
	objectVersion = 50;
	objects = {

/* Begin PBXBuildFile section */
		5E53D72AB145A68E82EE492C /* Pods_GeoGuesserTests.framework in Frameworks */ = {isa = PBXBuildFile; fileRef = 82A2555CF9C8802047360B71 /* Pods_GeoGuesserTests.framework */; };
		7C62C5E3220FFA91005E08DC /* AppDelegate.swift in Sources */ = {isa = PBXBuildFile; fileRef = 7C62C5E2220FFA90005E08DC /* AppDelegate.swift */; };
		7C62C5EA220FFA92005E08DC /* Assets.xcassets in Resources */ = {isa = PBXBuildFile; fileRef = 7C62C5E9220FFA92005E08DC /* Assets.xcassets */; };
		7C62C5ED220FFA92005E08DC /* LaunchScreen.storyboard in Resources */ = {isa = PBXBuildFile; fileRef = 7C62C5EB220FFA92005E08DC /* LaunchScreen.storyboard */; };
		7C62C5F8220FFA92005E08DC /* GeoGuesserTests.swift in Sources */ = {isa = PBXBuildFile; fileRef = 7C62C5F7220FFA92005E08DC /* GeoGuesserTests.swift */; };
		7C62C608220FFB2E005E08DC /* PanoramaViewController.swift in Sources */ = {isa = PBXBuildFile; fileRef = 7C62C606220FFB2E005E08DC /* PanoramaViewController.swift */; };
		7CF4B751220FFD08000B2308 /* GoogleMapService.swift in Sources */ = {isa = PBXBuildFile; fileRef = 7CF4B750220FFD08000B2308 /* GoogleMapService.swift */; };
		7CF4B753220FFD3F000B2308 /* GoogleMapServiceImplementation.swift in Sources */ = {isa = PBXBuildFile; fileRef = 7CF4B752220FFD3F000B2308 /* GoogleMapServiceImplementation.swift */; };
		7CF4B756220FFE22000B2308 /* PanoramaController.swift in Sources */ = {isa = PBXBuildFile; fileRef = 7CF4B755220FFE22000B2308 /* PanoramaController.swift */; };
		7CF4B758220FFE8E000B2308 /* RootRouter.swift in Sources */ = {isa = PBXBuildFile; fileRef = 7CF4B757220FFE8E000B2308 /* RootRouter.swift */; };
		7CF4B75B22100298000B2308 /* Lifecycable.swift in Sources */ = {isa = PBXBuildFile; fileRef = 7CF4B75A22100298000B2308 /* Lifecycable.swift */; };
		7CF4B75E22100414000B2308 /* RandomCoordinates.swift in Sources */ = {isa = PBXBuildFile; fileRef = 7CF4B75D22100414000B2308 /* RandomCoordinates.swift */; };
		7CF4B76022100679000B2308 /* RandomNumber.swift in Sources */ = {isa = PBXBuildFile; fileRef = 7CF4B75F22100679000B2308 /* RandomNumber.swift */; };
		7CF4B76422100A53000B2308 /* MapViewController.swift in Sources */ = {isa = PBXBuildFile; fileRef = 7CF4B76222100A53000B2308 /* MapViewController.swift */; };
		7CF4B76522100A53000B2308 /* MapViewController.xib in Resources */ = {isa = PBXBuildFile; fileRef = 7CF4B76322100A53000B2308 /* MapViewController.xib */; };
		7CF4B76822100B96000B2308 /* Extensions+DKVK.swift in Sources */ = {isa = PBXBuildFile; fileRef = 7CF4B76722100B96000B2308 /* Extensions+DKVK.swift */; };
		7CF4B76A22100D39000B2308 /* MapController.swift in Sources */ = {isa = PBXBuildFile; fileRef = 7CF4B76922100D39000B2308 /* MapController.swift */; };
		7CF4B76C22101423000B2308 /* PlaySession.swift in Sources */ = {isa = PBXBuildFile; fileRef = 7CF4B76B22101423000B2308 /* PlaySession.swift */; };
		7CF4B76E2210157C000B2308 /* CoordinatesDistance.swift in Sources */ = {isa = PBXBuildFile; fileRef = 7CF4B76D2210157C000B2308 /* CoordinatesDistance.swift */; };
		7CF4B7702210189F000B2308 /* Extensions+UIViewController.swift in Sources */ = {isa = PBXBuildFile; fileRef = 7CF4B76F2210189F000B2308 /* Extensions+UIViewController.swift */; };
		A403890ED3FF986E31F2C5A3 /* Pods_GeoGuesser.framework in Frameworks */ = {isa = PBXBuildFile; fileRef = 6F2D84F4033B6E6E7DD3167B /* Pods_GeoGuesser.framework */; };
/* End PBXBuildFile section */

/* Begin PBXContainerItemProxy section */
		7C62C5F4220FFA92005E08DC /* PBXContainerItemProxy */ = {
			isa = PBXContainerItemProxy;
			containerPortal = 7C62C5D7220FFA90005E08DC /* Project object */;
			proxyType = 1;
			remoteGlobalIDString = 7C62C5DE220FFA90005E08DC;
			remoteInfo = GeoGuesser;
		};
/* End PBXContainerItemProxy section */

/* Begin PBXFileReference section */
		0C7D8462243944D19DC85192 /* Pods-GeoGuesserTests.release.xcconfig */ = {isa = PBXFileReference; includeInIndex = 1; lastKnownFileType = text.xcconfig; name = "Pods-GeoGuesserTests.release.xcconfig"; path = "Target Support Files/Pods-GeoGuesserTests/Pods-GeoGuesserTests.release.xcconfig"; sourceTree = "<group>"; };
		6F2D84F4033B6E6E7DD3167B /* Pods_GeoGuesser.framework */ = {isa = PBXFileReference; explicitFileType = wrapper.framework; includeInIndex = 0; path = Pods_GeoGuesser.framework; sourceTree = BUILT_PRODUCTS_DIR; };
		7C62C5DF220FFA90005E08DC /* GeoGuesser.app */ = {isa = PBXFileReference; explicitFileType = wrapper.application; includeInIndex = 0; path = GeoGuesser.app; sourceTree = BUILT_PRODUCTS_DIR; };
		7C62C5E2220FFA90005E08DC /* AppDelegate.swift */ = {isa = PBXFileReference; lastKnownFileType = sourcecode.swift; path = AppDelegate.swift; sourceTree = "<group>"; };
		7C62C5E9220FFA92005E08DC /* Assets.xcassets */ = {isa = PBXFileReference; lastKnownFileType = folder.assetcatalog; path = Assets.xcassets; sourceTree = "<group>"; };
		7C62C5EC220FFA92005E08DC /* Base */ = {isa = PBXFileReference; lastKnownFileType = file.storyboard; name = Base; path = Base.lproj/LaunchScreen.storyboard; sourceTree = "<group>"; };
		7C62C5EE220FFA92005E08DC /* Info.plist */ = {isa = PBXFileReference; lastKnownFileType = text.plist.xml; path = Info.plist; sourceTree = "<group>"; };
		7C62C5F3220FFA92005E08DC /* GeoGuesserTests.xctest */ = {isa = PBXFileReference; explicitFileType = wrapper.cfbundle; includeInIndex = 0; path = GeoGuesserTests.xctest; sourceTree = BUILT_PRODUCTS_DIR; };
		7C62C5F7220FFA92005E08DC /* GeoGuesserTests.swift */ = {isa = PBXFileReference; lastKnownFileType = sourcecode.swift; path = GeoGuesserTests.swift; sourceTree = "<group>"; };
		7C62C5F9220FFA92005E08DC /* Info.plist */ = {isa = PBXFileReference; lastKnownFileType = text.plist.xml; path = Info.plist; sourceTree = "<group>"; };
		7C62C606220FFB2E005E08DC /* PanoramaViewController.swift */ = {isa = PBXFileReference; lastKnownFileType = sourcecode.swift; path = PanoramaViewController.swift; sourceTree = "<group>"; };
		7CF4B750220FFD08000B2308 /* GoogleMapService.swift */ = {isa = PBXFileReference; lastKnownFileType = sourcecode.swift; path = GoogleMapService.swift; sourceTree = "<group>"; };
		7CF4B752220FFD3F000B2308 /* GoogleMapServiceImplementation.swift */ = {isa = PBXFileReference; lastKnownFileType = sourcecode.swift; path = GoogleMapServiceImplementation.swift; sourceTree = "<group>"; };
		7CF4B755220FFE22000B2308 /* PanoramaController.swift */ = {isa = PBXFileReference; lastKnownFileType = sourcecode.swift; path = PanoramaController.swift; sourceTree = "<group>"; };
		7CF4B757220FFE8E000B2308 /* RootRouter.swift */ = {isa = PBXFileReference; lastKnownFileType = sourcecode.swift; path = RootRouter.swift; sourceTree = "<group>"; };
		7CF4B75A22100298000B2308 /* Lifecycable.swift */ = {isa = PBXFileReference; lastKnownFileType = sourcecode.swift; path = Lifecycable.swift; sourceTree = "<group>"; };
		7CF4B75D22100414000B2308 /* RandomCoordinates.swift */ = {isa = PBXFileReference; lastKnownFileType = sourcecode.swift; path = RandomCoordinates.swift; sourceTree = "<group>"; };
		7CF4B75F22100679000B2308 /* RandomNumber.swift */ = {isa = PBXFileReference; lastKnownFileType = sourcecode.swift; path = RandomNumber.swift; sourceTree = "<group>"; };
		7CF4B76222100A53000B2308 /* MapViewController.swift */ = {isa = PBXFileReference; lastKnownFileType = sourcecode.swift; path = MapViewController.swift; sourceTree = "<group>"; };
		7CF4B76322100A53000B2308 /* MapViewController.xib */ = {isa = PBXFileReference; lastKnownFileType = file.xib; path = MapViewController.xib; sourceTree = "<group>"; };
		7CF4B76722100B96000B2308 /* Extensions+DKVK.swift */ = {isa = PBXFileReference; lastKnownFileType = sourcecode.swift; path = "Extensions+DKVK.swift"; sourceTree = "<group>"; };
		7CF4B76922100D39000B2308 /* MapController.swift */ = {isa = PBXFileReference; lastKnownFileType = sourcecode.swift; path = MapController.swift; sourceTree = "<group>"; };
		7CF4B76B22101423000B2308 /* PlaySession.swift */ = {isa = PBXFileReference; lastKnownFileType = sourcecode.swift; path = PlaySession.swift; sourceTree = "<group>"; };
		7CF4B76D2210157C000B2308 /* CoordinatesDistance.swift */ = {isa = PBXFileReference; lastKnownFileType = sourcecode.swift; path = CoordinatesDistance.swift; sourceTree = "<group>"; };
		7CF4B76F2210189F000B2308 /* Extensions+UIViewController.swift */ = {isa = PBXFileReference; lastKnownFileType = sourcecode.swift; path = "Extensions+UIViewController.swift"; sourceTree = "<group>"; };
		82A2555CF9C8802047360B71 /* Pods_GeoGuesserTests.framework */ = {isa = PBXFileReference; explicitFileType = wrapper.framework; includeInIndex = 0; path = Pods_GeoGuesserTests.framework; sourceTree = BUILT_PRODUCTS_DIR; };
		882C1659E6C16CC15E2E18FA /* Pods-GeoGuesserTests.debug.xcconfig */ = {isa = PBXFileReference; includeInIndex = 1; lastKnownFileType = text.xcconfig; name = "Pods-GeoGuesserTests.debug.xcconfig"; path = "Target Support Files/Pods-GeoGuesserTests/Pods-GeoGuesserTests.debug.xcconfig"; sourceTree = "<group>"; };
		9FAFC2F529D1F7AD863B892C /* Pods-GeoGuesser.debug.xcconfig */ = {isa = PBXFileReference; includeInIndex = 1; lastKnownFileType = text.xcconfig; name = "Pods-GeoGuesser.debug.xcconfig"; path = "Target Support Files/Pods-GeoGuesser/Pods-GeoGuesser.debug.xcconfig"; sourceTree = "<group>"; };
		A72F82F34FAD31185DD41A68 /* Pods-GeoGuesser.release.xcconfig */ = {isa = PBXFileReference; includeInIndex = 1; lastKnownFileType = text.xcconfig; name = "Pods-GeoGuesser.release.xcconfig"; path = "Target Support Files/Pods-GeoGuesser/Pods-GeoGuesser.release.xcconfig"; sourceTree = "<group>"; };
/* End PBXFileReference section */

/* Begin PBXFrameworksBuildPhase section */
		7C62C5DC220FFA90005E08DC /* Frameworks */ = {
			isa = PBXFrameworksBuildPhase;
			buildActionMask = 2147483647;
			files = (
				A403890ED3FF986E31F2C5A3 /* Pods_GeoGuesser.framework in Frameworks */,
			);
			runOnlyForDeploymentPostprocessing = 0;
		};
		7C62C5F0220FFA92005E08DC /* Frameworks */ = {
			isa = PBXFrameworksBuildPhase;
			buildActionMask = 2147483647;
			files = (
				5E53D72AB145A68E82EE492C /* Pods_GeoGuesserTests.framework in Frameworks */,
			);
			runOnlyForDeploymentPostprocessing = 0;
		};
/* End PBXFrameworksBuildPhase section */

/* Begin PBXGroup section */
		055FBF768C4EB7679224A356 /* Frameworks */ = {
			isa = PBXGroup;
			children = (
				6F2D84F4033B6E6E7DD3167B /* Pods_GeoGuesser.framework */,
				82A2555CF9C8802047360B71 /* Pods_GeoGuesserTests.framework */,
			);
			name = Frameworks;
			sourceTree = "<group>";
		};
		7C62C5D6220FFA90005E08DC = {
			isa = PBXGroup;
			children = (
				7C62C5E1220FFA90005E08DC /* GeoGuesser */,
				7C62C5F6220FFA92005E08DC /* GeoGuesserTests */,
				7C62C5E0220FFA90005E08DC /* Products */,
				87DDA5D5FDDB8634BCFAA320 /* Pods */,
				055FBF768C4EB7679224A356 /* Frameworks */,
			);
			sourceTree = "<group>";
		};
		7C62C5E0220FFA90005E08DC /* Products */ = {
			isa = PBXGroup;
			children = (
				7C62C5DF220FFA90005E08DC /* GeoGuesser.app */,
				7C62C5F3220FFA92005E08DC /* GeoGuesserTests.xctest */,
			);
			name = Products;
			sourceTree = "<group>";
		};
		7C62C5E1220FFA90005E08DC /* GeoGuesser */ = {
			isa = PBXGroup;
			children = (
				7C62C602220FFAFB005E08DC /* Classes */,
				7C62C5E9220FFA92005E08DC /* Assets.xcassets */,
				7C62C5EB220FFA92005E08DC /* LaunchScreen.storyboard */,
				7C62C5EE220FFA92005E08DC /* Info.plist */,
			);
			path = GeoGuesser;
			sourceTree = "<group>";
		};
		7C62C5F6220FFA92005E08DC /* GeoGuesserTests */ = {
			isa = PBXGroup;
			children = (
				7C62C5F7220FFA92005E08DC /* GeoGuesserTests.swift */,
				7C62C5F9220FFA92005E08DC /* Info.plist */,
			);
			path = GeoGuesserTests;
			sourceTree = "<group>";
		};
		7C62C602220FFAFB005E08DC /* Classes */ = {
			isa = PBXGroup;
			children = (
				7C62C5E2220FFA90005E08DC /* AppDelegate.swift */,
				7CF4B76622100B8C000B2308 /* Extensions */,
				7CF4B75C221003F7000B2308 /* Models */,
				7CF4B7592210028C000B2308 /* Protocols */,
				7CF4B754220FFE02000B2308 /* Controllers */,
				7CF4B74E220FFCF0000B2308 /* Services */,
				7C62C604220FFB0A005E08DC /* Screens */,
				7C62C603220FFB04005E08DC /* Routers */,
			);
			path = Classes;
			sourceTree = "<group>";
		};
		7C62C603220FFB04005E08DC /* Routers */ = {
			isa = PBXGroup;
			children = (
				7CF4B757220FFE8E000B2308 /* RootRouter.swift */,
			);
			path = Routers;
			sourceTree = "<group>";
		};
		7C62C604220FFB0A005E08DC /* Screens */ = {
			isa = PBXGroup;
			children = (
				7CF4B76122100A46000B2308 /* Map */,
				7C62C605220FFB12005E08DC /* Panorama */,
			);
			path = Screens;
			sourceTree = "<group>";
		};
		7C62C605220FFB12005E08DC /* Panorama */ = {
			isa = PBXGroup;
			children = (
				7C62C606220FFB2E005E08DC /* PanoramaViewController.swift */,
			);
			path = Panorama;
			sourceTree = "<group>";
		};
		7CF4B74E220FFCF0000B2308 /* Services */ = {
			isa = PBXGroup;
			children = (
				7CF4B74F220FFCF6000B2308 /* Google Map */,
			);
			path = Services;
			sourceTree = "<group>";
		};
		7CF4B74F220FFCF6000B2308 /* Google Map */ = {
			isa = PBXGroup;
			children = (
				7CF4B750220FFD08000B2308 /* GoogleMapService.swift */,
				7CF4B752220FFD3F000B2308 /* GoogleMapServiceImplementation.swift */,
			);
			path = "Google Map";
			sourceTree = "<group>";
		};
		7CF4B754220FFE02000B2308 /* Controllers */ = {
			isa = PBXGroup;
			children = (
				7CF4B755220FFE22000B2308 /* PanoramaController.swift */,
				7CF4B76922100D39000B2308 /* MapController.swift */,
			);
			path = Controllers;
			sourceTree = "<group>";
		};
		7CF4B7592210028C000B2308 /* Protocols */ = {
			isa = PBXGroup;
			children = (
				7CF4B75A22100298000B2308 /* Lifecycable.swift */,
			);
			path = Protocols;
			sourceTree = "<group>";
		};
		7CF4B75C221003F7000B2308 /* Models */ = {
			isa = PBXGroup;
			children = (
				7CF4B75D22100414000B2308 /* RandomCoordinates.swift */,
				7CF4B76D2210157C000B2308 /* CoordinatesDistance.swift */,
				7CF4B76B22101423000B2308 /* PlaySession.swift */,
				7CF4B75F22100679000B2308 /* RandomNumber.swift */,
			);
			path = Models;
			sourceTree = "<group>";
		};
		7CF4B76122100A46000B2308 /* Map */ = {
			isa = PBXGroup;
			children = (
				7CF4B76222100A53000B2308 /* MapViewController.swift */,
				7CF4B76322100A53000B2308 /* MapViewController.xib */,
			);
			path = Map;
			sourceTree = "<group>";
		};
		7CF4B76622100B8C000B2308 /* Extensions */ = {
			isa = PBXGroup;
			children = (
				7CF4B76722100B96000B2308 /* Extensions+DKVK.swift */,
				7CF4B76F2210189F000B2308 /* Extensions+UIViewController.swift */,
			);
			path = Extensions;
			sourceTree = "<group>";
		};
		87DDA5D5FDDB8634BCFAA320 /* Pods */ = {
			isa = PBXGroup;
			children = (
				9FAFC2F529D1F7AD863B892C /* Pods-GeoGuesser.debug.xcconfig */,
				A72F82F34FAD31185DD41A68 /* Pods-GeoGuesser.release.xcconfig */,
				882C1659E6C16CC15E2E18FA /* Pods-GeoGuesserTests.debug.xcconfig */,
				0C7D8462243944D19DC85192 /* Pods-GeoGuesserTests.release.xcconfig */,
			);
			path = Pods;
			sourceTree = "<group>";
		};
/* End PBXGroup section */

/* Begin PBXNativeTarget section */
		7C62C5DE220FFA90005E08DC /* GeoGuesser */ = {
			isa = PBXNativeTarget;
			buildConfigurationList = 7C62C5FC220FFA92005E08DC /* Build configuration list for PBXNativeTarget "GeoGuesser" */;
			buildPhases = (
				F1B08BEB7AB95B5960C64D02 /* [CP] Check Pods Manifest.lock */,
				7C62C5DB220FFA90005E08DC /* Sources */,
				7C62C5DC220FFA90005E08DC /* Frameworks */,
				7C62C5DD220FFA90005E08DC /* Resources */,
				793CAB17C90C38FA9355B929 /* [CP] Copy Pods Resources */,
			);
			buildRules = (
			);
			dependencies = (
			);
			name = GeoGuesser;
			productName = GeoGuesser;
			productReference = 7C62C5DF220FFA90005E08DC /* GeoGuesser.app */;
			productType = "com.apple.product-type.application";
		};
		7C62C5F2220FFA92005E08DC /* GeoGuesserTests */ = {
			isa = PBXNativeTarget;
			buildConfigurationList = 7C62C5FF220FFA92005E08DC /* Build configuration list for PBXNativeTarget "GeoGuesserTests" */;
			buildPhases = (
				0D1357E1E273DEB66ABC0E23 /* [CP] Check Pods Manifest.lock */,
				7C62C5EF220FFA92005E08DC /* Sources */,
				7C62C5F0220FFA92005E08DC /* Frameworks */,
				7C62C5F1220FFA92005E08DC /* Resources */,
			);
			buildRules = (
			);
			dependencies = (
				7C62C5F5220FFA92005E08DC /* PBXTargetDependency */,
			);
			name = GeoGuesserTests;
			productName = GeoGuesserTests;
			productReference = 7C62C5F3220FFA92005E08DC /* GeoGuesserTests.xctest */;
			productType = "com.apple.product-type.bundle.unit-test";
		};
/* End PBXNativeTarget section */

/* Begin PBXProject section */
		7C62C5D7220FFA90005E08DC /* Project object */ = {
			isa = PBXProject;
			attributes = {
				LastSwiftUpdateCheck = 1010;
				LastUpgradeCheck = 1010;
				ORGANIZATIONNAME = Hadevs;
				TargetAttributes = {
					7C62C5DE220FFA90005E08DC = {
						CreatedOnToolsVersion = 10.1;
					};
					7C62C5F2220FFA92005E08DC = {
						CreatedOnToolsVersion = 10.1;
						TestTargetID = 7C62C5DE220FFA90005E08DC;
					};
				};
			};
			buildConfigurationList = 7C62C5DA220FFA90005E08DC /* Build configuration list for PBXProject "GeoGuesser" */;
			compatibilityVersion = "Xcode 9.3";
			developmentRegion = en;
			hasScannedForEncodings = 0;
			knownRegions = (
				en,
				Base,
			);
			mainGroup = 7C62C5D6220FFA90005E08DC;
			productRefGroup = 7C62C5E0220FFA90005E08DC /* Products */;
			projectDirPath = "";
			projectRoot = "";
			targets = (
				7C62C5DE220FFA90005E08DC /* GeoGuesser */,
				7C62C5F2220FFA92005E08DC /* GeoGuesserTests */,
			);
		};
/* End PBXProject section */

/* Begin PBXResourcesBuildPhase section */
		7C62C5DD220FFA90005E08DC /* Resources */ = {
			isa = PBXResourcesBuildPhase;
			buildActionMask = 2147483647;
			files = (
				7C62C5ED220FFA92005E08DC /* LaunchScreen.storyboard in Resources */,
				7C62C5EA220FFA92005E08DC /* Assets.xcassets in Resources */,
				7CF4B76522100A53000B2308 /* MapViewController.xib in Resources */,
			);
			runOnlyForDeploymentPostprocessing = 0;
		};
		7C62C5F1220FFA92005E08DC /* Resources */ = {
			isa = PBXResourcesBuildPhase;
			buildActionMask = 2147483647;
			files = (
			);
			runOnlyForDeploymentPostprocessing = 0;
		};
/* End PBXResourcesBuildPhase section */

/* Begin PBXShellScriptBuildPhase section */
		0D1357E1E273DEB66ABC0E23 /* [CP] Check Pods Manifest.lock */ = {
			isa = PBXShellScriptBuildPhase;
			buildActionMask = 2147483647;
			files = (
			);
			inputFileListPaths = (
			);
			inputPaths = (
				"${PODS_PODFILE_DIR_PATH}/Podfile.lock",
				"${PODS_ROOT}/Manifest.lock",
			);
			name = "[CP] Check Pods Manifest.lock";
			outputFileListPaths = (
			);
			outputPaths = (
				"$(DERIVED_FILE_DIR)/Pods-GeoGuesserTests-checkManifestLockResult.txt",
			);
			runOnlyForDeploymentPostprocessing = 0;
			shellPath = /bin/sh;
			shellScript = "diff \"${PODS_PODFILE_DIR_PATH}/Podfile.lock\" \"${PODS_ROOT}/Manifest.lock\" > /dev/null\nif [ $? != 0 ] ; then\n    # print error to STDERR\n    echo \"error: The sandbox is not in sync with the Podfile.lock. Run 'pod install' or update your CocoaPods installation.\" >&2\n    exit 1\nfi\n# This output is used by Xcode 'outputs' to avoid re-running this script phase.\necho \"SUCCESS\" > \"${SCRIPT_OUTPUT_FILE_0}\"\n";
			showEnvVarsInLog = 0;
		};
		793CAB17C90C38FA9355B929 /* [CP] Copy Pods Resources */ = {
			isa = PBXShellScriptBuildPhase;
			buildActionMask = 2147483647;
			files = (
			);
			inputFileListPaths = (
			);
			inputPaths = (
				"${PODS_ROOT}/Target Support Files/Pods-GeoGuesser/Pods-GeoGuesser-resources.sh",
				"${PODS_ROOT}/GoogleMaps/Maps/Frameworks/GoogleMaps.framework/Resources/GoogleMaps.bundle",
				"${PODS_ROOT}/GooglePlaces/Frameworks/GooglePlaces.framework/Resources/GooglePlaces.bundle",
			);
			name = "[CP] Copy Pods Resources";
			outputFileListPaths = (
			);
			outputPaths = (
				"${TARGET_BUILD_DIR}/${UNLOCALIZED_RESOURCES_FOLDER_PATH}/GoogleMaps.bundle",
				"${TARGET_BUILD_DIR}/${UNLOCALIZED_RESOURCES_FOLDER_PATH}/GooglePlaces.bundle",
			);
			runOnlyForDeploymentPostprocessing = 0;
			shellPath = /bin/sh;
			shellScript = "\"${PODS_ROOT}/Target Support Files/Pods-GeoGuesser/Pods-GeoGuesser-resources.sh\"\n";
			showEnvVarsInLog = 0;
		};
		F1B08BEB7AB95B5960C64D02 /* [CP] Check Pods Manifest.lock */ = {
			isa = PBXShellScriptBuildPhase;
			buildActionMask = 2147483647;
			files = (
			);
			inputFileListPaths = (
			);
			inputPaths = (
				"${PODS_PODFILE_DIR_PATH}/Podfile.lock",
				"${PODS_ROOT}/Manifest.lock",
			);
			name = "[CP] Check Pods Manifest.lock";
			outputFileListPaths = (
			);
			outputPaths = (
				"$(DERIVED_FILE_DIR)/Pods-GeoGuesser-checkManifestLockResult.txt",
			);
			runOnlyForDeploymentPostprocessing = 0;
			shellPath = /bin/sh;
			shellScript = "diff \"${PODS_PODFILE_DIR_PATH}/Podfile.lock\" \"${PODS_ROOT}/Manifest.lock\" > /dev/null\nif [ $? != 0 ] ; then\n    # print error to STDERR\n    echo \"error: The sandbox is not in sync with the Podfile.lock. Run 'pod install' or update your CocoaPods installation.\" >&2\n    exit 1\nfi\n# This output is used by Xcode 'outputs' to avoid re-running this script phase.\necho \"SUCCESS\" > \"${SCRIPT_OUTPUT_FILE_0}\"\n";
			showEnvVarsInLog = 0;
		};
/* End PBXShellScriptBuildPhase section */

/* Begin PBXSourcesBuildPhase section */
		7C62C5DB220FFA90005E08DC /* Sources */ = {
			isa = PBXSourcesBuildPhase;
			buildActionMask = 2147483647;
			files = (
				7CF4B751220FFD08000B2308 /* GoogleMapService.swift in Sources */,
				7CF4B753220FFD3F000B2308 /* GoogleMapServiceImplementation.swift in Sources */,
				7CF4B756220FFE22000B2308 /* PanoramaController.swift in Sources */,
				7CF4B76422100A53000B2308 /* MapViewController.swift in Sources */,
				7CF4B76A22100D39000B2308 /* MapController.swift in Sources */,
				7CF4B76822100B96000B2308 /* Extensions+DKVK.swift in Sources */,
				7C62C5E3220FFA91005E08DC /* AppDelegate.swift in Sources */,
				7CF4B758220FFE8E000B2308 /* RootRouter.swift in Sources */,
				7CF4B75B22100298000B2308 /* Lifecycable.swift in Sources */,
				7CF4B75E22100414000B2308 /* RandomCoordinates.swift in Sources */,
				7CF4B76E2210157C000B2308 /* CoordinatesDistance.swift in Sources */,
				7C62C608220FFB2E005E08DC /* PanoramaViewController.swift in Sources */,
				7CF4B7702210189F000B2308 /* Extensions+UIViewController.swift in Sources */,
				7CF4B76C22101423000B2308 /* PlaySession.swift in Sources */,
				7CF4B76022100679000B2308 /* RandomNumber.swift in Sources */,
			);
			runOnlyForDeploymentPostprocessing = 0;
		};
		7C62C5EF220FFA92005E08DC /* Sources */ = {
			isa = PBXSourcesBuildPhase;
			buildActionMask = 2147483647;
			files = (
				7C62C5F8220FFA92005E08DC /* GeoGuesserTests.swift in Sources */,
			);
			runOnlyForDeploymentPostprocessing = 0;
		};
/* End PBXSourcesBuildPhase section */

/* Begin PBXTargetDependency section */
		7C62C5F5220FFA92005E08DC /* PBXTargetDependency */ = {
			isa = PBXTargetDependency;
			target = 7C62C5DE220FFA90005E08DC /* GeoGuesser */;
			targetProxy = 7C62C5F4220FFA92005E08DC /* PBXContainerItemProxy */;
		};
/* End PBXTargetDependency section */

/* Begin PBXVariantGroup section */
		7C62C5EB220FFA92005E08DC /* LaunchScreen.storyboard */ = {
			isa = PBXVariantGroup;
			children = (
				7C62C5EC220FFA92005E08DC /* Base */,
			);
			name = LaunchScreen.storyboard;
			sourceTree = "<group>";
		};
/* End PBXVariantGroup section */

/* Begin XCBuildConfiguration section */
		7C62C5FA220FFA92005E08DC /* Debug */ = {
			isa = XCBuildConfiguration;
			buildSettings = {
				ALWAYS_SEARCH_USER_PATHS = NO;
				CLANG_ANALYZER_NONNULL = YES;
				CLANG_ANALYZER_NUMBER_OBJECT_CONVERSION = YES_AGGRESSIVE;
				CLANG_CXX_LANGUAGE_STANDARD = "gnu++14";
				CLANG_CXX_LIBRARY = "libc++";
				CLANG_ENABLE_MODULES = YES;
				CLANG_ENABLE_OBJC_ARC = YES;
				CLANG_ENABLE_OBJC_WEAK = YES;
				CLANG_WARN_BLOCK_CAPTURE_AUTORELEASING = YES;
				CLANG_WARN_BOOL_CONVERSION = YES;
				CLANG_WARN_COMMA = YES;
				CLANG_WARN_CONSTANT_CONVERSION = YES;
				CLANG_WARN_DEPRECATED_OBJC_IMPLEMENTATIONS = YES;
				CLANG_WARN_DIRECT_OBJC_ISA_USAGE = YES_ERROR;
				CLANG_WARN_DOCUMENTATION_COMMENTS = YES;
				CLANG_WARN_EMPTY_BODY = YES;
				CLANG_WARN_ENUM_CONVERSION = YES;
				CLANG_WARN_INFINITE_RECURSION = YES;
				CLANG_WARN_INT_CONVERSION = YES;
				CLANG_WARN_NON_LITERAL_NULL_CONVERSION = YES;
				CLANG_WARN_OBJC_IMPLICIT_RETAIN_SELF = YES;
				CLANG_WARN_OBJC_LITERAL_CONVERSION = YES;
				CLANG_WARN_OBJC_ROOT_CLASS = YES_ERROR;
				CLANG_WARN_RANGE_LOOP_ANALYSIS = YES;
				CLANG_WARN_STRICT_PROTOTYPES = YES;
				CLANG_WARN_SUSPICIOUS_MOVE = YES;
				CLANG_WARN_UNGUARDED_AVAILABILITY = YES_AGGRESSIVE;
				CLANG_WARN_UNREACHABLE_CODE = YES;
				CLANG_WARN__DUPLICATE_METHOD_MATCH = YES;
				CODE_SIGN_IDENTITY = "iPhone Developer";
				COPY_PHASE_STRIP = NO;
				DEBUG_INFORMATION_FORMAT = dwarf;
				ENABLE_STRICT_OBJC_MSGSEND = YES;
				ENABLE_TESTABILITY = YES;
				GCC_C_LANGUAGE_STANDARD = gnu11;
				GCC_DYNAMIC_NO_PIC = NO;
				GCC_NO_COMMON_BLOCKS = YES;
				GCC_OPTIMIZATION_LEVEL = 0;
				GCC_PREPROCESSOR_DEFINITIONS = (
					"DEBUG=1",
					"$(inherited)",
				);
				GCC_WARN_64_TO_32_BIT_CONVERSION = YES;
				GCC_WARN_ABOUT_RETURN_TYPE = YES_ERROR;
				GCC_WARN_UNDECLARED_SELECTOR = YES;
				GCC_WARN_UNINITIALIZED_AUTOS = YES_AGGRESSIVE;
				GCC_WARN_UNUSED_FUNCTION = YES;
				GCC_WARN_UNUSED_VARIABLE = YES;
				IPHONEOS_DEPLOYMENT_TARGET = 12.1;
				MTL_ENABLE_DEBUG_INFO = INCLUDE_SOURCE;
				MTL_FAST_MATH = YES;
				ONLY_ACTIVE_ARCH = YES;
				SDKROOT = iphoneos;
				SWIFT_ACTIVE_COMPILATION_CONDITIONS = DEBUG;
				SWIFT_OPTIMIZATION_LEVEL = "-Onone";
			};
			name = Debug;
		};
		7C62C5FB220FFA92005E08DC /* Release */ = {
			isa = XCBuildConfiguration;
			buildSettings = {
				ALWAYS_SEARCH_USER_PATHS = NO;
				CLANG_ANALYZER_NONNULL = YES;
				CLANG_ANALYZER_NUMBER_OBJECT_CONVERSION = YES_AGGRESSIVE;
				CLANG_CXX_LANGUAGE_STANDARD = "gnu++14";
				CLANG_CXX_LIBRARY = "libc++";
				CLANG_ENABLE_MODULES = YES;
				CLANG_ENABLE_OBJC_ARC = YES;
				CLANG_ENABLE_OBJC_WEAK = YES;
				CLANG_WARN_BLOCK_CAPTURE_AUTORELEASING = YES;
				CLANG_WARN_BOOL_CONVERSION = YES;
				CLANG_WARN_COMMA = YES;
				CLANG_WARN_CONSTANT_CONVERSION = YES;
				CLANG_WARN_DEPRECATED_OBJC_IMPLEMENTATIONS = YES;
				CLANG_WARN_DIRECT_OBJC_ISA_USAGE = YES_ERROR;
				CLANG_WARN_DOCUMENTATION_COMMENTS = YES;
				CLANG_WARN_EMPTY_BODY = YES;
				CLANG_WARN_ENUM_CONVERSION = YES;
				CLANG_WARN_INFINITE_RECURSION = YES;
				CLANG_WARN_INT_CONVERSION = YES;
				CLANG_WARN_NON_LITERAL_NULL_CONVERSION = YES;
				CLANG_WARN_OBJC_IMPLICIT_RETAIN_SELF = YES;
				CLANG_WARN_OBJC_LITERAL_CONVERSION = YES;
				CLANG_WARN_OBJC_ROOT_CLASS = YES_ERROR;
				CLANG_WARN_RANGE_LOOP_ANALYSIS = YES;
				CLANG_WARN_STRICT_PROTOTYPES = YES;
				CLANG_WARN_SUSPICIOUS_MOVE = YES;
				CLANG_WARN_UNGUARDED_AVAILABILITY = YES_AGGRESSIVE;
				CLANG_WARN_UNREACHABLE_CODE = YES;
				CLANG_WARN__DUPLICATE_METHOD_MATCH = YES;
				CODE_SIGN_IDENTITY = "iPhone Developer";
				COPY_PHASE_STRIP = NO;
				DEBUG_INFORMATION_FORMAT = "dwarf-with-dsym";
				ENABLE_NS_ASSERTIONS = NO;
				ENABLE_STRICT_OBJC_MSGSEND = YES;
				GCC_C_LANGUAGE_STANDARD = gnu11;
				GCC_NO_COMMON_BLOCKS = YES;
				GCC_WARN_64_TO_32_BIT_CONVERSION = YES;
				GCC_WARN_ABOUT_RETURN_TYPE = YES_ERROR;
				GCC_WARN_UNDECLARED_SELECTOR = YES;
				GCC_WARN_UNINITIALIZED_AUTOS = YES_AGGRESSIVE;
				GCC_WARN_UNUSED_FUNCTION = YES;
				GCC_WARN_UNUSED_VARIABLE = YES;
				IPHONEOS_DEPLOYMENT_TARGET = 12.1;
				MTL_ENABLE_DEBUG_INFO = NO;
				MTL_FAST_MATH = YES;
				SDKROOT = iphoneos;
				SWIFT_COMPILATION_MODE = wholemodule;
				SWIFT_OPTIMIZATION_LEVEL = "-O";
				VALIDATE_PRODUCT = YES;
			};
			name = Release;
		};
		7C62C5FD220FFA92005E08DC /* Debug */ = {
			isa = XCBuildConfiguration;
			baseConfigurationReference = 9FAFC2F529D1F7AD863B892C /* Pods-GeoGuesser.debug.xcconfig */;
			buildSettings = {
				ASSETCATALOG_COMPILER_APPICON_NAME = AppIcon;
				CODE_SIGN_STYLE = Automatic;
				INFOPLIST_FILE = GeoGuesser/Info.plist;
				LD_RUNPATH_SEARCH_PATHS = (
					"$(inherited)",
					"@executable_path/Frameworks",
				);
				PRODUCT_BUNDLE_IDENTIFIER = AI.GeoGuesser;
				PRODUCT_NAME = "$(TARGET_NAME)";
				SWIFT_VERSION = 4.2;
				TARGETED_DEVICE_FAMILY = "1,2";
			};
			name = Debug;
		};
		7C62C5FE220FFA92005E08DC /* Release */ = {
			isa = XCBuildConfiguration;
			baseConfigurationReference = A72F82F34FAD31185DD41A68 /* Pods-GeoGuesser.release.xcconfig */;
			buildSettings = {
				ASSETCATALOG_COMPILER_APPICON_NAME = AppIcon;
				CODE_SIGN_STYLE = Automatic;
				INFOPLIST_FILE = GeoGuesser/Info.plist;
				LD_RUNPATH_SEARCH_PATHS = (
					"$(inherited)",
					"@executable_path/Frameworks",
				);
				PRODUCT_BUNDLE_IDENTIFIER = AI.GeoGuesser;
				PRODUCT_NAME = "$(TARGET_NAME)";
				SWIFT_VERSION = 4.2;
				TARGETED_DEVICE_FAMILY = "1,2";
			};
			name = Release;
		};
		7C62C600220FFA92005E08DC /* Debug */ = {
			isa = XCBuildConfiguration;
			baseConfigurationReference = 882C1659E6C16CC15E2E18FA /* Pods-GeoGuesserTests.debug.xcconfig */;
			buildSettings = {
				ALWAYS_EMBED_SWIFT_STANDARD_LIBRARIES = YES;
				BUNDLE_LOADER = "$(TEST_HOST)";
				CODE_SIGN_STYLE = Automatic;
				INFOPLIST_FILE = GeoGuesserTests/Info.plist;
				LD_RUNPATH_SEARCH_PATHS = (
					"$(inherited)",
					"@executable_path/Frameworks",
					"@loader_path/Frameworks",
				);
				PRODUCT_BUNDLE_IDENTIFIER = AI.GeoGuesserTests;
				PRODUCT_NAME = "$(TARGET_NAME)";
				SWIFT_VERSION = 4.2;
				TARGETED_DEVICE_FAMILY = "1,2";
				TEST_HOST = "$(BUILT_PRODUCTS_DIR)/GeoGuesser.app/GeoGuesser";
			};
			name = Debug;
		};
		7C62C601220FFA92005E08DC /* Release */ = {
			isa = XCBuildConfiguration;
			baseConfigurationReference = 0C7D8462243944D19DC85192 /* Pods-GeoGuesserTests.release.xcconfig */;
			buildSettings = {
				ALWAYS_EMBED_SWIFT_STANDARD_LIBRARIES = YES;
				BUNDLE_LOADER = "$(TEST_HOST)";
				CODE_SIGN_STYLE = Automatic;
				INFOPLIST_FILE = GeoGuesserTests/Info.plist;
				LD_RUNPATH_SEARCH_PATHS = (
					"$(inherited)",
					"@executable_path/Frameworks",
					"@loader_path/Frameworks",
				);
				PRODUCT_BUNDLE_IDENTIFIER = AI.GeoGuesserTests;
				PRODUCT_NAME = "$(TARGET_NAME)";
				SWIFT_VERSION = 4.2;
				TARGETED_DEVICE_FAMILY = "1,2";
				TEST_HOST = "$(BUILT_PRODUCTS_DIR)/GeoGuesser.app/GeoGuesser";
			};
			name = Release;
		};
/* End XCBuildConfiguration section */

/* Begin XCConfigurationList section */
		7C62C5DA220FFA90005E08DC /* Build configuration list for PBXProject "GeoGuesser" */ = {
			isa = XCConfigurationList;
			buildConfigurations = (
				7C62C5FA220FFA92005E08DC /* Debug */,
				7C62C5FB220FFA92005E08DC /* Release */,
			);
			defaultConfigurationIsVisible = 0;
			defaultConfigurationName = Release;
		};
		7C62C5FC220FFA92005E08DC /* Build configuration list for PBXNativeTarget "GeoGuesser" */ = {
			isa = XCConfigurationList;
			buildConfigurations = (
				7C62C5FD220FFA92005E08DC /* Debug */,
				7C62C5FE220FFA92005E08DC /* Release */,
			);
			defaultConfigurationIsVisible = 0;
			defaultConfigurationName = Release;
		};
		7C62C5FF220FFA92005E08DC /* Build configuration list for PBXNativeTarget "GeoGuesserTests" */ = {
			isa = XCConfigurationList;
			buildConfigurations = (
				7C62C600220FFA92005E08DC /* Debug */,
				7C62C601220FFA92005E08DC /* Release */,
			);
			defaultConfigurationIsVisible = 0;
			defaultConfigurationName = Release;
		};
/* End XCConfigurationList section */
	};
	rootObject = 7C62C5D7220FFA90005E08DC /* Project object */;
}
